
Microsoft Visual Studio Solution File, Format Version 12.00
# Visual Studio 15
VisualStudioVersion = 15.0.28307.572
MinimumVisualStudioVersion = 10.0.40219.1
Project("{FAE04EC0-301F-11D3-BF4B-00C04F79EFBC}") = "Inventario", "Inventario\Inventario.csproj", "{9FB5FA47-6B43-44FC-B002-5890744C4BDD}"
EndProject
Global
	GlobalSection(SolutionConfigurationPlatforms) = preSolution
		Debug|Any CPU = Debug|Any CPU
		Release|Any CPU = Release|Any CPU
	EndGlobalSection
	GlobalSection(ProjectConfigurationPlatforms) = postSolution
		{9FB5FA47-6B43-44FC-B002-5890744C4BDD}.Debug|Any CPU.ActiveCfg = Debug|Any CPU
		{9FB5FA47-6B43-44FC-B002-5890744C4BDD}.Debug|Any CPU.Build.0 = Debug|Any CPU
		{9FB5FA47-6B43-44FC-B002-5890744C4BDD}.Release|Any CPU.ActiveCfg = Release|Any CPU
		{9FB5FA47-6B43-44FC-B002-5890744C4BDD}.Release|Any CPU.Build.0 = Release|Any CPU
	EndGlobalSection
	GlobalSection(SolutionProperties) = preSolution
		HideSolutionNode = FALSE
	EndGlobalSection
	GlobalSection(ExtensibilityGlobals) = postSolution
		SolutionGuid = {53685528-D14D-4542-928E-DAB3B76C89FC}
	EndGlobalSection
EndGlobal
